{
  "version": "5",
  "specifiers": {
    "jsr:@hono/hono@^4.9.4": "4.9.4",
    "npm:@types/node@*": "24.2.0",
    "npm:zod@^4.1.1": "4.1.1"
  },
  "jsr": {
    "@hono/hono@4.9.4": {
      "integrity": "de006e32f3bab18e5a5bed4c75c5e0aaa46958d3653e6646b534a874d690dccc"
    }
  },
  "npm": {
    "@types/node@24.2.0": {
      "integrity": "sha512-3xyG3pMCq3oYCNg7/ZP+E1ooTaGB4cG8JWRsqqOYQdbWNY4zbaV0Ennrd7stjiJEFZCaybcIgpTjJWHRfBSIDw==",
      "dependencies": [
        "undici-types"
      ]
    },
    "undici-types@7.10.0": {
      "integrity": "sha512-t5Fy/nfn+14LuOc2KNYg75vZqClpAiqscVvMygNnlsHBFpSXdJaYtXMcdNLpl/Qvc3P2cB3s6lOV51nqsFq4ag=="
    },
    "zod@4.1.1": {
      "integrity": "sha512-SgMZK/h8Tigt9nnKkfJMvB/mKjiJXaX26xegP4sa+0wHIFVFWVlsQGdhklDmuargBD3Hsi3rsQRIzwJIhTPJHA=="
    }
  },
  "workspace": {
    "dependencies": [
      "jsr:@hono/hono@^4.9.4",
      "npm:zod@^4.1.1"
    ]
  }
}
